
Microsoft Visual Studio Solution File, Format Version 12.00
# Visual Studio 14
VisualStudioVersion = 14.0.25420.1
MinimumVisualStudioVersion = 10.0.40219.1
Project("{FAE04EC0-301F-11D3-BF4B-00C04F79EFBC}") = "Sample1", "Sample1\Sample1.csproj", "{3E1622CF-B337-41C4-950E-DEF0354F2465}"
EndProject
Project("{FAE04EC0-301F-11D3-BF4B-00C04F79EFBC}") = "Sample2", "Sample2\Sample2.csproj", "{CF5B6F98-96C8-494C-B4DB-E640DF9C31BD}"
EndProject
Project("{FAE04EC0-301F-11D3-BF4B-00C04F79EFBC}") = "Sample3", "Sample3\Sample3.csproj", "{31E6CA1E-3CE3-4E4C-92C8-B28DE7F7C606}"
EndProject
Project("{FAE04EC0-301F-11D3-BF4B-00C04F79EFBC}") = "Sample4", "Sample4\Sample4.csproj", "{C2B6E6B0-6617-4B66-915F-A008F0090384}"
EndProject
Project("{FAE04EC0-301F-11D3-BF4B-00C04F79EFBC}") = "Sample5", "Sample5\Sample5.csproj", "{24A4BDD2-ADD5-4F9D-8DE5-EF91F166F6A6}"
EndProject
Project("{FAE04EC0-301F-11D3-BF4B-00C04F79EFBC}") = "Sample6", "Sample6\Sample6.csproj", "{BFB4951E-3DE8-43E0-9BC2-5D0911A0325F}"
EndProject
Project("{FAE04EC0-301F-11D3-BF4B-00C04F79EFBC}") = "Sample7", "Sample7\Sample7.csproj", "{0ECC5191-0B90-4929-AAA2-1A23AED2CC5C}"
EndProject
Project("{FAE04EC0-301F-11D3-BF4B-00C04F79EFBC}") = "Sample8", "Sample8\Sample8.csproj", "{0DA69542-1103-4D86-8337-B2757E79F5C2}"
EndProject
Project("{FAE04EC0-301F-11D3-BF4B-00C04F79EFBC}") = "Sample9", "Sample9\Sample9.csproj", "{78AFEB89-7C51-4827-85B9-EB68F21BD9FF}"
EndProject
Project("{FAE04EC0-301F-11D3-BF4B-00C04F79EFBC}") = "Sample10", "Sample10\Sample10.csproj", "{F7D9F430-FB4A-44D0-AFEF-A7E9A341C27D}"
EndProject
Project("{FAE04EC0-301F-11D3-BF4B-00C04F79EFBC}") = "Sample11", "Sample11\Sample11.csproj", "{66F1B853-1242-4D61-92DE-1A9DDF3F0F4D}"
EndProject
Project("{FAE04EC0-301F-11D3-BF4B-00C04F79EFBC}") = "Sample12", "Sample12\Sample12.csproj", "{6FAB6F26-7046-4CFA-8718-8BC010188BF4}"
EndProject
Project("{FAE04EC0-301F-11D3-BF4B-00C04F79EFBC}") = "Sample13", "Sample13\Sample13.csproj", "{2B738CDB-D2AD-4A7E-B3FD-1748718B3403}"
EndProject
Project("{FAE04EC0-301F-11D3-BF4B-00C04F79EFBC}") = "Sample14", "Sample14\Sample14.csproj", "{734F465B-764D-4EE9-9287-D0B1672862C9}"
EndProject
Project("{FAE04EC0-301F-11D3-BF4B-00C04F79EFBC}") = "Sample15", "Sample15\Sample15.csproj", "{5E63FB00-AAE6-443E-82EF-02000F71EA8B}"
EndProject
Project("{FAE04EC0-301F-11D3-BF4B-00C04F79EFBC}") = "Sample16", "Sample16\Sample16.csproj", "{057F3F96-70C4-4A56-A8B3-A5C0882696F3}"
EndProject
Project("{FAE04EC0-301F-11D3-BF4B-00C04F79EFBC}") = "Sample17", "Sample17\Sample17.csproj", "{89968014-B3E6-49CB-B2F7-3AF1FD371711}"
EndProject
Project("{FAE04EC0-301F-11D3-BF4B-00C04F79EFBC}") = "Sample18", "Sample18\Sample18.csproj", "{A7681E44-41EF-4E80-8EDC-33A823445DB9}"
EndProject
Project("{FAE04EC0-301F-11D3-BF4B-00C04F79EFBC}") = "Sample19", "Sample19\Sample19.csproj", "{39B45947-E98F-40B5-83CC-84705731CF81}"
EndProject
Project("{FAE04EC0-301F-11D3-BF4B-00C04F79EFBC}") = "Sample20", "Sample20\Sample20.csproj", "{094E49E3-C471-4527-8367-DFA540491B74}"
EndProject
Project("{FAE04EC0-301F-11D3-BF4B-00C04F79EFBC}") = "Sample21", "Sample21\Sample21.csproj", "{7964C3B2-84A9-489F-9DAE-483EF47CEF11}"
EndProject
Project("{FAE04EC0-301F-11D3-BF4B-00C04F79EFBC}") = "Sample22", "Sample22\Sample22.csproj", "{86B292EA-986F-469B-A585-EC687DBDDC73}"
EndProject
Project("{FAE04EC0-301F-11D3-BF4B-00C04F79EFBC}") = "Sample23", "Sample23\Sample23.csproj", "{0B943425-B601-4982-B399-D4A20A0B1C3C}"
EndProject
Project("{FAE04EC0-301F-11D3-BF4B-00C04F79EFBC}") = "Sample24", "Sample24\Sample24.csproj", "{EFD84C80-B2C2-4226-A0E7-594598484E2E}"
EndProject
Project("{FAE04EC0-301F-11D3-BF4B-00C04F79EFBC}") = "Sample25", "Sample25\Sample25.csproj", "{3C8BA518-A521-4FFE-9D4A-913D6F153BE6}"
EndProject
Project("{FAE04EC0-301F-11D3-BF4B-00C04F79EFBC}") = "Sample26", "Sample26\Sample26.csproj", "{E47126E8-2595-4008-97B3-18E0455963E9}"
EndProject
Project("{FAE04EC0-301F-11D3-BF4B-00C04F79EFBC}") = "Sample27", "Sample27\Sample27.csproj", "{C636D99A-7317-481E-AB5E-545A6152F9D5}"
EndProject
Project("{FAE04EC0-301F-11D3-BF4B-00C04F79EFBC}") = "Sample28", "Sample28\Sample28.csproj", "{7A7B0A88-6D7D-4CAB-9F12-86A8CF24F46B}"
EndProject
Project("{FAE04EC0-301F-11D3-BF4B-00C04F79EFBC}") = "Sample29", "Sample29\Sample29.csproj", "{102F1E62-5A15-46D6-83C4-B7C887084A87}"
EndProject
Project("{FAE04EC0-301F-11D3-BF4B-00C04F79EFBC}") = "Sample30", "Sample30\Sample30.csproj", "{05BC90E1-EF73-47A0-8E7E-04A5980776BD}"
EndProject
Project("{FAE04EC0-301F-11D3-BF4B-00C04F79EFBC}") = "Sample31", "Sample31\Sample31.csproj", "{C0A2B48E-570A-4C9C-B333-2E1D34B33567}"
EndProject
Project("{FAE04EC0-301F-11D3-BF4B-00C04F79EFBC}") = "Sample32", "Sample32\Sample32.csproj", "{029D9D6D-A3E3-4E2D-9816-C4F560597C8F}"
EndProject
Project("{FAE04EC0-301F-11D3-BF4B-00C04F79EFBC}") = "Sample33", "Sample33\Sample33.csproj", "{9F9E3E3D-2FED-47DE-B48A-E4951E549FDD}"
EndProject
Project("{FAE04EC0-301F-11D3-BF4B-00C04F79EFBC}") = "Sample34", "Sample34\Sample34.csproj", "{429FCD05-31D4-462F-BF48-71D7C896FF94}"
EndProject
Project("{FAE04EC0-301F-11D3-BF4B-00C04F79EFBC}") = "Sample35", "Sample35\Sample35.csproj", "{E6E67F45-30F1-426F-B948-3247E1BA9A30}"
EndProject
Project("{FAE04EC0-301F-11D3-BF4B-00C04F79EFBC}") = "Sample36", "Sample36\Sample36.csproj", "{7A254447-B938-42E0-83BF-588FE3130076}"
EndProject
Project("{FAE04EC0-301F-11D3-BF4B-00C04F79EFBC}") = "Sample37", "Sample37\Sample37.csproj", "{1BA49D7F-0605-47F4-965B-6729C48DC42D}"
EndProject
Project("{FAE04EC0-301F-11D3-BF4B-00C04F79EFBC}") = "Sample38", "Sample38\Sample38.csproj", "{1396E7F1-771D-4DEA-B480-610DA33D4CCC}"
EndProject
Project("{FAE04EC0-301F-11D3-BF4B-00C04F79EFBC}") = "Sample39", "Sample39\Sample39.csproj", "{ED24CD0D-2255-45B9-BD44-9779C05214E1}"
EndProject
Project("{FAE04EC0-301F-11D3-BF4B-00C04F79EFBC}") = "Sample40", "Sample40\Sample40.csproj", "{ADA984AC-11CA-44F4-9FBD-43AC27A7386A}"
EndProject
Project("{FAE04EC0-301F-11D3-BF4B-00C04F79EFBC}") = "Sample41", "Sample41\Sample41.csproj", "{EA958FB6-9E35-49D1-922A-B61304E41AF4}"
EndProject
Project("{FAE04EC0-301F-11D3-BF4B-00C04F79EFBC}") = "Sample42", "Sample42\Sample42.csproj", "{1475BE6E-F442-4D7E-ACCE-9C1BC6C93784}"
EndProject
Project("{FAE04EC0-301F-11D3-BF4B-00C04F79EFBC}") = "Sample43", "Sample43\Sample43.csproj", "{0D14EE21-C6F9-4CD3-8EFD-44FC67B8A1BC}"
EndProject
Project("{FAE04EC0-301F-11D3-BF4B-00C04F79EFBC}") = "Sample44", "Sample44\Sample44.csproj", "{FE6A8778-BC7C-4223-8BC8-55F365B46F62}"
EndProject
Project("{FAE04EC0-301F-11D3-BF4B-00C04F79EFBC}") = "Sample45", "Sample45\Sample45.csproj", "{19B96DCE-E936-463A-A451-81420B7B86BB}"
EndProject
Project("{FAE04EC0-301F-11D3-BF4B-00C04F79EFBC}") = "Sample46", "Sample46\Sample46.csproj", "{7FA5D91E-1F44-4119-BE69-97CE419B9D68}"
EndProject
Project("{FAE04EC0-301F-11D3-BF4B-00C04F79EFBC}") = "Sample47", "Sample47\Sample47.csproj", "{BB7A34AA-2F67-4E08-86DF-D4AAAEEEF5AB}"
EndProject
Project("{FAE04EC0-301F-11D3-BF4B-00C04F79EFBC}") = "Sample48", "Sample48\Sample48.csproj", "{686CB4EE-1169-4A5B-B616-538FCEFA96F8}"
EndProject
Project("{FAE04EC0-301F-11D3-BF4B-00C04F79EFBC}") = "Sample49", "Sample49\Sample49.csproj", "{8CCA9639-0C21-4E2E-8F6C-717D74387425}"
EndProject
Project("{FAE04EC0-301F-11D3-BF4B-00C04F79EFBC}") = "Sample50", "Sample50\Sample50.csproj", "{7C7D375C-78C2-4AFC-867A-CE3490B7C755}"
EndProject
Project("{FAE04EC0-301F-11D3-BF4B-00C04F79EFBC}") = "Sample51", "Sample51\Sample51.csproj", "{00FB284B-4FCE-4629-9187-959E4BEC1744}"
EndProject
Project("{FAE04EC0-301F-11D3-BF4B-00C04F79EFBC}") = "Sample52", "Sample52\Sample52.csproj", "{C429EEA5-7940-4F5D-ABE7-5A39F82C8876}"
EndProject
Project("{FAE04EC0-301F-11D3-BF4B-00C04F79EFBC}") = "Sample53", "Sample53\Sample53.csproj", "{B4EA421D-738F-4FAB-8489-94403AB5AAAE}"
EndProject
Project("{FAE04EC0-301F-11D3-BF4B-00C04F79EFBC}") = "Sample54", "Sample54\Sample54.csproj", "{77D40D07-2CC4-485E-A9EE-2EE20B6162A1}"
EndProject
Project("{FAE04EC0-301F-11D3-BF4B-00C04F79EFBC}") = "Sample55", "Sample55\Sample55.csproj", "{2970E312-E36E-46E5-BDAE-125BDABFCC2F}"
EndProject
Project("{FAE04EC0-301F-11D3-BF4B-00C04F79EFBC}") = "Sample56", "Sample56\Sample56.csproj", "{9501E1A4-9A34-45BB-9800-6079A3A358E3}"
EndProject
Project("{FAE04EC0-301F-11D3-BF4B-00C04F79EFBC}") = "Sample57", "Sample57\Sample57.csproj", "{C34FDC2C-6B0E-43F8-A0BE-19682D211D7E}"
EndProject
Project("{FAE04EC0-301F-11D3-BF4B-00C04F79EFBC}") = "Sample58", "Sample58\Sample58.csproj", "{1C288CEB-1ABE-4217-83F1-1B886EAF701B}"
EndProject
Project("{FAE04EC0-301F-11D3-BF4B-00C04F79EFBC}") = "Sample59", "Sample59\Sample59.csproj", "{2E35F336-648C-414B-8215-DEBD83E51EFD}"
EndProject
Project("{FAE04EC0-301F-11D3-BF4B-00C04F79EFBC}") = "Sample60", "Sample60\Sample60.csproj", "{9D05CC1F-4236-4898-A5F7-20623D5346C3}"
EndProject
Project("{FAE04EC0-301F-11D3-BF4B-00C04F79EFBC}") = "Sample61", "Sample61\Sample61.csproj", "{655D04F2-F541-4C7C-B09A-04ACA8BE5C4B}"
EndProject
Project("{FAE04EC0-301F-11D3-BF4B-00C04F79EFBC}") = "Sample62", "Sample62\Sample62.csproj", "{C546AA65-338A-417F-84CF-77A487A99D9F}"
EndProject
Project("{FAE04EC0-301F-11D3-BF4B-00C04F79EFBC}") = "Sample63", "Sample63\Sample63.csproj", "{E664F563-928A-40B7-8303-C385FBA18BC8}"
EndProject
Project("{FAE04EC0-301F-11D3-BF4B-00C04F79EFBC}") = "Sample64", "Sample64\Sample64.csproj", "{1B503D81-16F5-4D14-80A9-8BF1AAEB8ED3}"
EndProject
Project("{FAE04EC0-301F-11D3-BF4B-00C04F79EFBC}") = "Sample65", "Sample65\Sample65.csproj", "{5285E06F-E783-484F-B414-FF04F46446CC}"
EndProject
Project("{FAE04EC0-301F-11D3-BF4B-00C04F79EFBC}") = "Sample66", "Sample66\Sample66.csproj", "{B5DB1E25-DB50-44C8-AF3D-65759AD78402}"
EndProject
Project("{FAE04EC0-301F-11D3-BF4B-00C04F79EFBC}") = "Sample67", "Sample67\Sample67.csproj", "{848DA13D-C405-4129-9A19-FF8BD6A013B3}"
EndProject
Project("{FAE04EC0-301F-11D3-BF4B-00C04F79EFBC}") = "Sample68", "Sample68\Sample68.csproj", "{6ED4B5E5-3C55-470F-8CED-6F3493838B22}"
EndProject
Project("{FAE04EC0-301F-11D3-BF4B-00C04F79EFBC}") = "Sample69", "Sample69\Sample69.csproj", "{7B9B4DBA-CAA1-4A03-8730-1D35C09FC225}"
EndProject
Project("{FAE04EC0-301F-11D3-BF4B-00C04F79EFBC}") = "Sample70", "Sample70\Sample70.csproj", "{BF13CFE1-D6D4-4107-B5DF-570A0B29D6DB}"
EndProject
Project("{FAE04EC0-301F-11D3-BF4B-00C04F79EFBC}") = "Sample71", "Sample71\Sample71.csproj", "{C4841AA5-2E99-4489-A8F1-C33EBA7B0F73}"
EndProject
Project("{FAE04EC0-301F-11D3-BF4B-00C04F79EFBC}") = "Sample72", "Sample72\Sample72.csproj", "{C39450F7-9A5E-4FF4-8E67-A9E718B5565E}"
EndProject
Project("{FAE04EC0-301F-11D3-BF4B-00C04F79EFBC}") = "Sample74", "Sample74\Sample74.csproj", "{9FAEC03C-BBB2-4331-972D-DC8B02261CF5}"
EndProject
Project("{FAE04EC0-301F-11D3-BF4B-00C04F79EFBC}") = "Sample73", "Sample73\Sample73.csproj", "{13567A16-9774-4777-B5B5-2CE0096CA641}"
EndProject
Project("{FAE04EC0-301F-11D3-BF4B-00C04F79EFBC}") = "Sample75", "Sample75\Sample75.csproj", "{60D19DC1-E15A-408C-8F4B-57B26089FEE6}"
EndProject
Global
	GlobalSection(SolutionConfigurationPlatforms) = preSolution
		Debug|Any CPU = Debug|Any CPU
		Release|Any CPU = Release|Any CPU
	EndGlobalSection
	GlobalSection(ProjectConfigurationPlatforms) = postSolution
		{3E1622CF-B337-41C4-950E-DEF0354F2465}.Debug|Any CPU.ActiveCfg = Debug|Any CPU
		{3E1622CF-B337-41C4-950E-DEF0354F2465}.Debug|Any CPU.Build.0 = Debug|Any CPU
		{3E1622CF-B337-41C4-950E-DEF0354F2465}.Release|Any CPU.ActiveCfg = Release|Any CPU
		{3E1622CF-B337-41C4-950E-DEF0354F2465}.Release|Any CPU.Build.0 = Release|Any CPU
		{CF5B6F98-96C8-494C-B4DB-E640DF9C31BD}.Debug|Any CPU.ActiveCfg = Debug|Any CPU
		{CF5B6F98-96C8-494C-B4DB-E640DF9C31BD}.Debug|Any CPU.Build.0 = Debug|Any CPU
		{CF5B6F98-96C8-494C-B4DB-E640DF9C31BD}.Release|Any CPU.ActiveCfg = Release|Any CPU
		{CF5B6F98-96C8-494C-B4DB-E640DF9C31BD}.Release|Any CPU.Build.0 = Release|Any CPU
		{31E6CA1E-3CE3-4E4C-92C8-B28DE7F7C606}.Debug|Any CPU.ActiveCfg = Debug|Any CPU
		{31E6CA1E-3CE3-4E4C-92C8-B28DE7F7C606}.Debug|Any CPU.Build.0 = Debug|Any CPU
		{31E6CA1E-3CE3-4E4C-92C8-B28DE7F7C606}.Release|Any CPU.ActiveCfg = Release|Any CPU
		{31E6CA1E-3CE3-4E4C-92C8-B28DE7F7C606}.Release|Any CPU.Build.0 = Release|Any CPU
		{C2B6E6B0-6617-4B66-915F-A008F0090384}.Debug|Any CPU.ActiveCfg = Debug|Any CPU
		{C2B6E6B0-6617-4B66-915F-A008F0090384}.Debug|Any CPU.Build.0 = Debug|Any CPU
		{C2B6E6B0-6617-4B66-915F-A008F0090384}.Release|Any CPU.ActiveCfg = Release|Any CPU
		{C2B6E6B0-6617-4B66-915F-A008F0090384}.Release|Any CPU.Build.0 = Release|Any CPU
		{24A4BDD2-ADD5-4F9D-8DE5-EF91F166F6A6}.Debug|Any CPU.ActiveCfg = Debug|Any CPU
		{24A4BDD2-ADD5-4F9D-8DE5-EF91F166F6A6}.Debug|Any CPU.Build.0 = Debug|Any CPU
		{24A4BDD2-ADD5-4F9D-8DE5-EF91F166F6A6}.Release|Any CPU.ActiveCfg = Release|Any CPU
		{24A4BDD2-ADD5-4F9D-8DE5-EF91F166F6A6}.Release|Any CPU.Build.0 = Release|Any CPU
		{BFB4951E-3DE8-43E0-9BC2-5D0911A0325F}.Debug|Any CPU.ActiveCfg = Debug|Any CPU
		{BFB4951E-3DE8-43E0-9BC2-5D0911A0325F}.Debug|Any CPU.Build.0 = Debug|Any CPU
		{BFB4951E-3DE8-43E0-9BC2-5D0911A0325F}.Release|Any CPU.ActiveCfg = Release|Any CPU
		{BFB4951E-3DE8-43E0-9BC2-5D0911A0325F}.Release|Any CPU.Build.0 = Release|Any CPU
		{0ECC5191-0B90-4929-AAA2-1A23AED2CC5C}.Debug|Any CPU.ActiveCfg = Debug|Any CPU
		{0ECC5191-0B90-4929-AAA2-1A23AED2CC5C}.Debug|Any CPU.Build.0 = Debug|Any CPU
		{0ECC5191-0B90-4929-AAA2-1A23AED2CC5C}.Release|Any CPU.ActiveCfg = Release|Any CPU
		{0ECC5191-0B90-4929-AAA2-1A23AED2CC5C}.Release|Any CPU.Build.0 = Release|Any CPU
		{0DA69542-1103-4D86-8337-B2757E79F5C2}.Debug|Any CPU.ActiveCfg = Debug|Any CPU
		{0DA69542-1103-4D86-8337-B2757E79F5C2}.Debug|Any CPU.Build.0 = Debug|Any CPU
		{0DA69542-1103-4D86-8337-B2757E79F5C2}.Release|Any CPU.ActiveCfg = Release|Any CPU
		{0DA69542-1103-4D86-8337-B2757E79F5C2}.Release|Any CPU.Build.0 = Release|Any CPU
		{78AFEB89-7C51-4827-85B9-EB68F21BD9FF}.Debug|Any CPU.ActiveCfg = Debug|Any CPU
		{78AFEB89-7C51-4827-85B9-EB68F21BD9FF}.Debug|Any CPU.Build.0 = Debug|Any CPU
		{78AFEB89-7C51-4827-85B9-EB68F21BD9FF}.Release|Any CPU.ActiveCfg = Release|Any CPU
		{78AFEB89-7C51-4827-85B9-EB68F21BD9FF}.Release|Any CPU.Build.0 = Release|Any CPU
		{F7D9F430-FB4A-44D0-AFEF-A7E9A341C27D}.Debug|Any CPU.ActiveCfg = Debug|Any CPU
		{F7D9F430-FB4A-44D0-AFEF-A7E9A341C27D}.Debug|Any CPU.Build.0 = Debug|Any CPU
		{F7D9F430-FB4A-44D0-AFEF-A7E9A341C27D}.Release|Any CPU.ActiveCfg = Release|Any CPU
		{F7D9F430-FB4A-44D0-AFEF-A7E9A341C27D}.Release|Any CPU.Build.0 = Release|Any CPU
		{66F1B853-1242-4D61-92DE-1A9DDF3F0F4D}.Debug|Any CPU.ActiveCfg = Debug|Any CPU
		{66F1B853-1242-4D61-92DE-1A9DDF3F0F4D}.Debug|Any CPU.Build.0 = Debug|Any CPU
		{66F1B853-1242-4D61-92DE-1A9DDF3F0F4D}.Release|Any CPU.ActiveCfg = Release|Any CPU
		{66F1B853-1242-4D61-92DE-1A9DDF3F0F4D}.Release|Any CPU.Build.0 = Release|Any CPU
		{6FAB6F26-7046-4CFA-8718-8BC010188BF4}.Debug|Any CPU.ActiveCfg = Debug|Any CPU
		{6FAB6F26-7046-4CFA-8718-8BC010188BF4}.Debug|Any CPU.Build.0 = Debug|Any CPU
		{6FAB6F26-7046-4CFA-8718-8BC010188BF4}.Release|Any CPU.ActiveCfg = Release|Any CPU
		{6FAB6F26-7046-4CFA-8718-8BC010188BF4}.Release|Any CPU.Build.0 = Release|Any CPU
		{2B738CDB-D2AD-4A7E-B3FD-1748718B3403}.Debug|Any CPU.ActiveCfg = Debug|Any CPU
		{2B738CDB-D2AD-4A7E-B3FD-1748718B3403}.Debug|Any CPU.Build.0 = Debug|Any CPU
		{2B738CDB-D2AD-4A7E-B3FD-1748718B3403}.Release|Any CPU.ActiveCfg = Release|Any CPU
		{2B738CDB-D2AD-4A7E-B3FD-1748718B3403}.Release|Any CPU.Build.0 = Release|Any CPU
		{734F465B-764D-4EE9-9287-D0B1672862C9}.Debug|Any CPU.ActiveCfg = Debug|Any CPU
		{734F465B-764D-4EE9-9287-D0B1672862C9}.Debug|Any CPU.Build.0 = Debug|Any CPU
		{734F465B-764D-4EE9-9287-D0B1672862C9}.Release|Any CPU.ActiveCfg = Release|Any CPU
		{734F465B-764D-4EE9-9287-D0B1672862C9}.Release|Any CPU.Build.0 = Release|Any CPU
		{5E63FB00-AAE6-443E-82EF-02000F71EA8B}.Debug|Any CPU.ActiveCfg = Debug|Any CPU
		{5E63FB00-AAE6-443E-82EF-02000F71EA8B}.Debug|Any CPU.Build.0 = Debug|Any CPU
		{5E63FB00-AAE6-443E-82EF-02000F71EA8B}.Release|Any CPU.ActiveCfg = Release|Any CPU
		{5E63FB00-AAE6-443E-82EF-02000F71EA8B}.Release|Any CPU.Build.0 = Release|Any CPU
		{057F3F96-70C4-4A56-A8B3-A5C0882696F3}.Debug|Any CPU.ActiveCfg = Debug|Any CPU
		{057F3F96-70C4-4A56-A8B3-A5C0882696F3}.Debug|Any CPU.Build.0 = Debug|Any CPU
		{057F3F96-70C4-4A56-A8B3-A5C0882696F3}.Release|Any CPU.ActiveCfg = Release|Any CPU
		{057F3F96-70C4-4A56-A8B3-A5C0882696F3}.Release|Any CPU.Build.0 = Release|Any CPU
		{89968014-B3E6-49CB-B2F7-3AF1FD371711}.Debug|Any CPU.ActiveCfg = Debug|Any CPU
		{89968014-B3E6-49CB-B2F7-3AF1FD371711}.Debug|Any CPU.Build.0 = Debug|Any CPU
		{89968014-B3E6-49CB-B2F7-3AF1FD371711}.Release|Any CPU.ActiveCfg = Release|Any CPU
		{89968014-B3E6-49CB-B2F7-3AF1FD371711}.Release|Any CPU.Build.0 = Release|Any CPU
		{A7681E44-41EF-4E80-8EDC-33A823445DB9}.Debug|Any CPU.ActiveCfg = Debug|Any CPU
		{A7681E44-41EF-4E80-8EDC-33A823445DB9}.Debug|Any CPU.Build.0 = Debug|Any CPU
		{A7681E44-41EF-4E80-8EDC-33A823445DB9}.Release|Any CPU.ActiveCfg = Release|Any CPU
		{A7681E44-41EF-4E80-8EDC-33A823445DB9}.Release|Any CPU.Build.0 = Release|Any CPU
		{39B45947-E98F-40B5-83CC-84705731CF81}.Debug|Any CPU.ActiveCfg = Debug|Any CPU
		{39B45947-E98F-40B5-83CC-84705731CF81}.Debug|Any CPU.Build.0 = Debug|Any CPU
		{39B45947-E98F-40B5-83CC-84705731CF81}.Release|Any CPU.ActiveCfg = Release|Any CPU
		{39B45947-E98F-40B5-83CC-84705731CF81}.Release|Any CPU.Build.0 = Release|Any CPU
		{094E49E3-C471-4527-8367-DFA540491B74}.Debug|Any CPU.ActiveCfg = Debug|Any CPU
		{094E49E3-C471-4527-8367-DFA540491B74}.Debug|Any CPU.Build.0 = Debug|Any CPU
		{094E49E3-C471-4527-8367-DFA540491B74}.Release|Any CPU.ActiveCfg = Release|Any CPU
		{094E49E3-C471-4527-8367-DFA540491B74}.Release|Any CPU.Build.0 = Release|Any CPU
		{7964C3B2-84A9-489F-9DAE-483EF47CEF11}.Debug|Any CPU.ActiveCfg = Debug|Any CPU
		{7964C3B2-84A9-489F-9DAE-483EF47CEF11}.Debug|Any CPU.Build.0 = Debug|Any CPU
		{7964C3B2-84A9-489F-9DAE-483EF47CEF11}.Release|Any CPU.ActiveCfg = Release|Any CPU
		{7964C3B2-84A9-489F-9DAE-483EF47CEF11}.Release|Any CPU.Build.0 = Release|Any CPU
		{86B292EA-986F-469B-A585-EC687DBDDC73}.Debug|Any CPU.ActiveCfg = Debug|Any CPU
		{86B292EA-986F-469B-A585-EC687DBDDC73}.Debug|Any CPU.Build.0 = Debug|Any CPU
		{86B292EA-986F-469B-A585-EC687DBDDC73}.Release|Any CPU.ActiveCfg = Release|Any CPU
		{86B292EA-986F-469B-A585-EC687DBDDC73}.Release|Any CPU.Build.0 = Release|Any CPU
		{0B943425-B601-4982-B399-D4A20A0B1C3C}.Debug|Any CPU.ActiveCfg = Debug|Any CPU
		{0B943425-B601-4982-B399-D4A20A0B1C3C}.Debug|Any CPU.Build.0 = Debug|Any CPU
		{0B943425-B601-4982-B399-D4A20A0B1C3C}.Release|Any CPU.ActiveCfg = Release|Any CPU
		{0B943425-B601-4982-B399-D4A20A0B1C3C}.Release|Any CPU.Build.0 = Release|Any CPU
		{EFD84C80-B2C2-4226-A0E7-594598484E2E}.Debug|Any CPU.ActiveCfg = Debug|Any CPU
		{EFD84C80-B2C2-4226-A0E7-594598484E2E}.Debug|Any CPU.Build.0 = Debug|Any CPU
		{EFD84C80-B2C2-4226-A0E7-594598484E2E}.Release|Any CPU.ActiveCfg = Release|Any CPU
		{EFD84C80-B2C2-4226-A0E7-594598484E2E}.Release|Any CPU.Build.0 = Release|Any CPU
		{3C8BA518-A521-4FFE-9D4A-913D6F153BE6}.Debug|Any CPU.ActiveCfg = Debug|Any CPU
		{3C8BA518-A521-4FFE-9D4A-913D6F153BE6}.Debug|Any CPU.Build.0 = Debug|Any CPU
		{3C8BA518-A521-4FFE-9D4A-913D6F153BE6}.Release|Any CPU.ActiveCfg = Release|Any CPU
		{3C8BA518-A521-4FFE-9D4A-913D6F153BE6}.Release|Any CPU.Build.0 = Release|Any CPU
		{E47126E8-2595-4008-97B3-18E0455963E9}.Debug|Any CPU.ActiveCfg = Debug|Any CPU
		{E47126E8-2595-4008-97B3-18E0455963E9}.Debug|Any CPU.Build.0 = Debug|Any CPU
		{E47126E8-2595-4008-97B3-18E0455963E9}.Release|Any CPU.ActiveCfg = Release|Any CPU
		{E47126E8-2595-4008-97B3-18E0455963E9}.Release|Any CPU.Build.0 = Release|Any CPU
		{C636D99A-7317-481E-AB5E-545A6152F9D5}.Debug|Any CPU.ActiveCfg = Debug|Any CPU
		{C636D99A-7317-481E-AB5E-545A6152F9D5}.Debug|Any CPU.Build.0 = Debug|Any CPU
		{C636D99A-7317-481E-AB5E-545A6152F9D5}.Release|Any CPU.ActiveCfg = Release|Any CPU
		{C636D99A-7317-481E-AB5E-545A6152F9D5}.Release|Any CPU.Build.0 = Release|Any CPU
		{7A7B0A88-6D7D-4CAB-9F12-86A8CF24F46B}.Debug|Any CPU.ActiveCfg = Debug|Any CPU
		{7A7B0A88-6D7D-4CAB-9F12-86A8CF24F46B}.Debug|Any CPU.Build.0 = Debug|Any CPU
		{7A7B0A88-6D7D-4CAB-9F12-86A8CF24F46B}.Release|Any CPU.ActiveCfg = Release|Any CPU
		{7A7B0A88-6D7D-4CAB-9F12-86A8CF24F46B}.Release|Any CPU.Build.0 = Release|Any CPU
		{102F1E62-5A15-46D6-83C4-B7C887084A87}.Debug|Any CPU.ActiveCfg = Debug|Any CPU
		{102F1E62-5A15-46D6-83C4-B7C887084A87}.Debug|Any CPU.Build.0 = Debug|Any CPU
		{102F1E62-5A15-46D6-83C4-B7C887084A87}.Release|Any CPU.ActiveCfg = Release|Any CPU
		{102F1E62-5A15-46D6-83C4-B7C887084A87}.Release|Any CPU.Build.0 = Release|Any CPU
		{05BC90E1-EF73-47A0-8E7E-04A5980776BD}.Debug|Any CPU.ActiveCfg = Debug|Any CPU
		{05BC90E1-EF73-47A0-8E7E-04A5980776BD}.Debug|Any CPU.Build.0 = Debug|Any CPU
		{05BC90E1-EF73-47A0-8E7E-04A5980776BD}.Release|Any CPU.ActiveCfg = Release|Any CPU
		{05BC90E1-EF73-47A0-8E7E-04A5980776BD}.Release|Any CPU.Build.0 = Release|Any CPU
		{C0A2B48E-570A-4C9C-B333-2E1D34B33567}.Debug|Any CPU.ActiveCfg = Debug|Any CPU
		{C0A2B48E-570A-4C9C-B333-2E1D34B33567}.Debug|Any CPU.Build.0 = Debug|Any CPU
		{C0A2B48E-570A-4C9C-B333-2E1D34B33567}.Release|Any CPU.ActiveCfg = Release|Any CPU
		{C0A2B48E-570A-4C9C-B333-2E1D34B33567}.Release|Any CPU.Build.0 = Release|Any CPU
		{029D9D6D-A3E3-4E2D-9816-C4F560597C8F}.Debug|Any CPU.ActiveCfg = Debug|Any CPU
		{029D9D6D-A3E3-4E2D-9816-C4F560597C8F}.Debug|Any CPU.Build.0 = Debug|Any CPU
		{029D9D6D-A3E3-4E2D-9816-C4F560597C8F}.Release|Any CPU.ActiveCfg = Release|Any CPU
		{029D9D6D-A3E3-4E2D-9816-C4F560597C8F}.Release|Any CPU.Build.0 = Release|Any CPU
		{9F9E3E3D-2FED-47DE-B48A-E4951E549FDD}.Debug|Any CPU.ActiveCfg = Debug|Any CPU
		{9F9E3E3D-2FED-47DE-B48A-E4951E549FDD}.Debug|Any CPU.Build.0 = Debug|Any CPU
		{9F9E3E3D-2FED-47DE-B48A-E4951E549FDD}.Release|Any CPU.ActiveCfg = Release|Any CPU
		{9F9E3E3D-2FED-47DE-B48A-E4951E549FDD}.Release|Any CPU.Build.0 = Release|Any CPU
		{429FCD05-31D4-462F-BF48-71D7C896FF94}.Debug|Any CPU.ActiveCfg = Debug|Any CPU
		{429FCD05-31D4-462F-BF48-71D7C896FF94}.Debug|Any CPU.Build.0 = Debug|Any CPU
		{429FCD05-31D4-462F-BF48-71D7C896FF94}.Release|Any CPU.ActiveCfg = Release|Any CPU
		{429FCD05-31D4-462F-BF48-71D7C896FF94}.Release|Any CPU.Build.0 = Release|Any CPU
		{E6E67F45-30F1-426F-B948-3247E1BA9A30}.Debug|Any CPU.ActiveCfg = Debug|Any CPU
		{E6E67F45-30F1-426F-B948-3247E1BA9A30}.Debug|Any CPU.Build.0 = Debug|Any CPU
		{E6E67F45-30F1-426F-B948-3247E1BA9A30}.Release|Any CPU.ActiveCfg = Release|Any CPU
		{E6E67F45-30F1-426F-B948-3247E1BA9A30}.Release|Any CPU.Build.0 = Release|Any CPU
		{7A254447-B938-42E0-83BF-588FE3130076}.Debug|Any CPU.ActiveCfg = Debug|Any CPU
		{7A254447-B938-42E0-83BF-588FE3130076}.Debug|Any CPU.Build.0 = Debug|Any CPU
		{7A254447-B938-42E0-83BF-588FE3130076}.Release|Any CPU.ActiveCfg = Release|Any CPU
		{7A254447-B938-42E0-83BF-588FE3130076}.Release|Any CPU.Build.0 = Release|Any CPU
		{1BA49D7F-0605-47F4-965B-6729C48DC42D}.Debug|Any CPU.ActiveCfg = Debug|Any CPU
		{1BA49D7F-0605-47F4-965B-6729C48DC42D}.Debug|Any CPU.Build.0 = Debug|Any CPU
		{1BA49D7F-0605-47F4-965B-6729C48DC42D}.Release|Any CPU.ActiveCfg = Release|Any CPU
		{1BA49D7F-0605-47F4-965B-6729C48DC42D}.Release|Any CPU.Build.0 = Release|Any CPU
		{1396E7F1-771D-4DEA-B480-610DA33D4CCC}.Debug|Any CPU.ActiveCfg = Debug|Any CPU
		{1396E7F1-771D-4DEA-B480-610DA33D4CCC}.Debug|Any CPU.Build.0 = Debug|Any CPU
		{1396E7F1-771D-4DEA-B480-610DA33D4CCC}.Release|Any CPU.ActiveCfg = Release|Any CPU
		{1396E7F1-771D-4DEA-B480-610DA33D4CCC}.Release|Any CPU.Build.0 = Release|Any CPU
		{ED24CD0D-2255-45B9-BD44-9779C05214E1}.Debug|Any CPU.ActiveCfg = Debug|Any CPU
		{ED24CD0D-2255-45B9-BD44-9779C05214E1}.Debug|Any CPU.Build.0 = Debug|Any CPU
		{ED24CD0D-2255-45B9-BD44-9779C05214E1}.Release|Any CPU.ActiveCfg = Release|Any CPU
		{ED24CD0D-2255-45B9-BD44-9779C05214E1}.Release|Any CPU.Build.0 = Release|Any CPU
		{ADA984AC-11CA-44F4-9FBD-43AC27A7386A}.Debug|Any CPU.ActiveCfg = Debug|Any CPU
		{ADA984AC-11CA-44F4-9FBD-43AC27A7386A}.Debug|Any CPU.Build.0 = Debug|Any CPU
		{ADA984AC-11CA-44F4-9FBD-43AC27A7386A}.Release|Any CPU.ActiveCfg = Release|Any CPU
		{ADA984AC-11CA-44F4-9FBD-43AC27A7386A}.Release|Any CPU.Build.0 = Release|Any CPU
		{EA958FB6-9E35-49D1-922A-B61304E41AF4}.Debug|Any CPU.ActiveCfg = Debug|Any CPU
		{EA958FB6-9E35-49D1-922A-B61304E41AF4}.Debug|Any CPU.Build.0 = Debug|Any CPU
		{EA958FB6-9E35-49D1-922A-B61304E41AF4}.Release|Any CPU.ActiveCfg = Release|Any CPU
		{EA958FB6-9E35-49D1-922A-B61304E41AF4}.Release|Any CPU.Build.0 = Release|Any CPU
		{1475BE6E-F442-4D7E-ACCE-9C1BC6C93784}.Debug|Any CPU.ActiveCfg = Debug|Any CPU
		{1475BE6E-F442-4D7E-ACCE-9C1BC6C93784}.Debug|Any CPU.Build.0 = Debug|Any CPU
		{1475BE6E-F442-4D7E-ACCE-9C1BC6C93784}.Release|Any CPU.ActiveCfg = Release|Any CPU
		{1475BE6E-F442-4D7E-ACCE-9C1BC6C93784}.Release|Any CPU.Build.0 = Release|Any CPU
		{0D14EE21-C6F9-4CD3-8EFD-44FC67B8A1BC}.Debug|Any CPU.ActiveCfg = Debug|Any CPU
		{0D14EE21-C6F9-4CD3-8EFD-44FC67B8A1BC}.Debug|Any CPU.Build.0 = Debug|Any CPU
		{0D14EE21-C6F9-4CD3-8EFD-44FC67B8A1BC}.Release|Any CPU.ActiveCfg = Release|Any CPU
		{0D14EE21-C6F9-4CD3-8EFD-44FC67B8A1BC}.Release|Any CPU.Build.0 = Release|Any CPU
		{FE6A8778-BC7C-4223-8BC8-55F365B46F62}.Debug|Any CPU.ActiveCfg = Debug|Any CPU
		{FE6A8778-BC7C-4223-8BC8-55F365B46F62}.Debug|Any CPU.Build.0 = Debug|Any CPU
		{FE6A8778-BC7C-4223-8BC8-55F365B46F62}.Release|Any CPU.ActiveCfg = Release|Any CPU
		{FE6A8778-BC7C-4223-8BC8-55F365B46F62}.Release|Any CPU.Build.0 = Release|Any CPU
		{19B96DCE-E936-463A-A451-81420B7B86BB}.Debug|Any CPU.ActiveCfg = Debug|Any CPU
		{19B96DCE-E936-463A-A451-81420B7B86BB}.Debug|Any CPU.Build.0 = Debug|Any CPU
		{19B96DCE-E936-463A-A451-81420B7B86BB}.Release|Any CPU.ActiveCfg = Release|Any CPU
		{19B96DCE-E936-463A-A451-81420B7B86BB}.Release|Any CPU.Build.0 = Release|Any CPU
		{7FA5D91E-1F44-4119-BE69-97CE419B9D68}.Debug|Any CPU.ActiveCfg = Debug|Any CPU
		{7FA5D91E-1F44-4119-BE69-97CE419B9D68}.Debug|Any CPU.Build.0 = Debug|Any CPU
		{7FA5D91E-1F44-4119-BE69-97CE419B9D68}.Release|Any CPU.ActiveCfg = Release|Any CPU
		{7FA5D91E-1F44-4119-BE69-97CE419B9D68}.Release|Any CPU.Build.0 = Release|Any CPU
		{BB7A34AA-2F67-4E08-86DF-D4AAAEEEF5AB}.Debug|Any CPU.ActiveCfg = Debug|Any CPU
		{BB7A34AA-2F67-4E08-86DF-D4AAAEEEF5AB}.Debug|Any CPU.Build.0 = Debug|Any CPU
		{BB7A34AA-2F67-4E08-86DF-D4AAAEEEF5AB}.Release|Any CPU.ActiveCfg = Release|Any CPU
		{BB7A34AA-2F67-4E08-86DF-D4AAAEEEF5AB}.Release|Any CPU.Build.0 = Release|Any CPU
		{686CB4EE-1169-4A5B-B616-538FCEFA96F8}.Debug|Any CPU.ActiveCfg = Debug|Any CPU
		{686CB4EE-1169-4A5B-B616-538FCEFA96F8}.Debug|Any CPU.Build.0 = Debug|Any CPU
		{686CB4EE-1169-4A5B-B616-538FCEFA96F8}.Release|Any CPU.ActiveCfg = Release|Any CPU
		{686CB4EE-1169-4A5B-B616-538FCEFA96F8}.Release|Any CPU.Build.0 = Release|Any CPU
		{8CCA9639-0C21-4E2E-8F6C-717D74387425}.Debug|Any CPU.ActiveCfg = Debug|Any CPU
		{8CCA9639-0C21-4E2E-8F6C-717D74387425}.Debug|Any CPU.Build.0 = Debug|Any CPU
		{8CCA9639-0C21-4E2E-8F6C-717D74387425}.Release|Any CPU.ActiveCfg = Release|Any CPU
		{8CCA9639-0C21-4E2E-8F6C-717D74387425}.Release|Any CPU.Build.0 = Release|Any CPU
		{7C7D375C-78C2-4AFC-867A-CE3490B7C755}.Debug|Any CPU.ActiveCfg = Debug|Any CPU
		{7C7D375C-78C2-4AFC-867A-CE3490B7C755}.Debug|Any CPU.Build.0 = Debug|Any CPU
		{7C7D375C-78C2-4AFC-867A-CE3490B7C755}.Release|Any CPU.ActiveCfg = Release|Any CPU
		{7C7D375C-78C2-4AFC-867A-CE3490B7C755}.Release|Any CPU.Build.0 = Release|Any CPU
		{00FB284B-4FCE-4629-9187-959E4BEC1744}.Debug|Any CPU.ActiveCfg = Debug|Any CPU
		{00FB284B-4FCE-4629-9187-959E4BEC1744}.Debug|Any CPU.Build.0 = Debug|Any CPU
		{00FB284B-4FCE-4629-9187-959E4BEC1744}.Release|Any CPU.ActiveCfg = Release|Any CPU
		{00FB284B-4FCE-4629-9187-959E4BEC1744}.Release|Any CPU.Build.0 = Release|Any CPU
		{C429EEA5-7940-4F5D-ABE7-5A39F82C8876}.Debug|Any CPU.ActiveCfg = Debug|Any CPU
		{C429EEA5-7940-4F5D-ABE7-5A39F82C8876}.Debug|Any CPU.Build.0 = Debug|Any CPU
		{C429EEA5-7940-4F5D-ABE7-5A39F82C8876}.Release|Any CPU.ActiveCfg = Release|Any CPU
		{C429EEA5-7940-4F5D-ABE7-5A39F82C8876}.Release|Any CPU.Build.0 = Release|Any CPU
		{B4EA421D-738F-4FAB-8489-94403AB5AAAE}.Debug|Any CPU.ActiveCfg = Debug|Any CPU
		{B4EA421D-738F-4FAB-8489-94403AB5AAAE}.Debug|Any CPU.Build.0 = Debug|Any CPU
		{B4EA421D-738F-4FAB-8489-94403AB5AAAE}.Release|Any CPU.ActiveCfg = Release|Any CPU
		{B4EA421D-738F-4FAB-8489-94403AB5AAAE}.Release|Any CPU.Build.0 = Release|Any CPU
		{77D40D07-2CC4-485E-A9EE-2EE20B6162A1}.Debug|Any CPU.ActiveCfg = Debug|Any CPU
		{77D40D07-2CC4-485E-A9EE-2EE20B6162A1}.Debug|Any CPU.Build.0 = Debug|Any CPU
		{77D40D07-2CC4-485E-A9EE-2EE20B6162A1}.Release|Any CPU.ActiveCfg = Release|Any CPU
		{77D40D07-2CC4-485E-A9EE-2EE20B6162A1}.Release|Any CPU.Build.0 = Release|Any CPU
		{2970E312-E36E-46E5-BDAE-125BDABFCC2F}.Debug|Any CPU.ActiveCfg = Debug|Any CPU
		{2970E312-E36E-46E5-BDAE-125BDABFCC2F}.Debug|Any CPU.Build.0 = Debug|Any CPU
		{2970E312-E36E-46E5-BDAE-125BDABFCC2F}.Release|Any CPU.ActiveCfg = Release|Any CPU
		{2970E312-E36E-46E5-BDAE-125BDABFCC2F}.Release|Any CPU.Build.0 = Release|Any CPU
		{9501E1A4-9A34-45BB-9800-6079A3A358E3}.Debug|Any CPU.ActiveCfg = Debug|Any CPU
		{9501E1A4-9A34-45BB-9800-6079A3A358E3}.Debug|Any CPU.Build.0 = Debug|Any CPU
		{9501E1A4-9A34-45BB-9800-6079A3A358E3}.Release|Any CPU.ActiveCfg = Release|Any CPU
		{9501E1A4-9A34-45BB-9800-6079A3A358E3}.Release|Any CPU.Build.0 = Release|Any CPU
		{C34FDC2C-6B0E-43F8-A0BE-19682D211D7E}.Debug|Any CPU.ActiveCfg = Debug|Any CPU
		{C34FDC2C-6B0E-43F8-A0BE-19682D211D7E}.Debug|Any CPU.Build.0 = Debug|Any CPU
		{C34FDC2C-6B0E-43F8-A0BE-19682D211D7E}.Release|Any CPU.ActiveCfg = Release|Any CPU
		{C34FDC2C-6B0E-43F8-A0BE-19682D211D7E}.Release|Any CPU.Build.0 = Release|Any CPU
		{1C288CEB-1ABE-4217-83F1-1B886EAF701B}.Debug|Any CPU.ActiveCfg = Debug|Any CPU
		{1C288CEB-1ABE-4217-83F1-1B886EAF701B}.Debug|Any CPU.Build.0 = Debug|Any CPU
		{1C288CEB-1ABE-4217-83F1-1B886EAF701B}.Release|Any CPU.ActiveCfg = Release|Any CPU
		{1C288CEB-1ABE-4217-83F1-1B886EAF701B}.Release|Any CPU.Build.0 = Release|Any CPU
		{2E35F336-648C-414B-8215-DEBD83E51EFD}.Debug|Any CPU.ActiveCfg = Debug|Any CPU
		{2E35F336-648C-414B-8215-DEBD83E51EFD}.Debug|Any CPU.Build.0 = Debug|Any CPU
		{2E35F336-648C-414B-8215-DEBD83E51EFD}.Release|Any CPU.ActiveCfg = Release|Any CPU
		{2E35F336-648C-414B-8215-DEBD83E51EFD}.Release|Any CPU.Build.0 = Release|Any CPU
		{9D05CC1F-4236-4898-A5F7-20623D5346C3}.Debug|Any CPU.ActiveCfg = Debug|Any CPU
		{9D05CC1F-4236-4898-A5F7-20623D5346C3}.Debug|Any CPU.Build.0 = Debug|Any CPU
		{9D05CC1F-4236-4898-A5F7-20623D5346C3}.Release|Any CPU.ActiveCfg = Release|Any CPU
		{9D05CC1F-4236-4898-A5F7-20623D5346C3}.Release|Any CPU.Build.0 = Release|Any CPU
		{655D04F2-F541-4C7C-B09A-04ACA8BE5C4B}.Debug|Any CPU.ActiveCfg = Debug|Any CPU
		{655D04F2-F541-4C7C-B09A-04ACA8BE5C4B}.Debug|Any CPU.Build.0 = Debug|Any CPU
		{655D04F2-F541-4C7C-B09A-04ACA8BE5C4B}.Release|Any CPU.ActiveCfg = Release|Any CPU
		{655D04F2-F541-4C7C-B09A-04ACA8BE5C4B}.Release|Any CPU.Build.0 = Release|Any CPU
		{C546AA65-338A-417F-84CF-77A487A99D9F}.Debug|Any CPU.ActiveCfg = Debug|Any CPU
		{C546AA65-338A-417F-84CF-77A487A99D9F}.Debug|Any CPU.Build.0 = Debug|Any CPU
		{C546AA65-338A-417F-84CF-77A487A99D9F}.Release|Any CPU.ActiveCfg = Release|Any CPU
		{C546AA65-338A-417F-84CF-77A487A99D9F}.Release|Any CPU.Build.0 = Release|Any CPU
		{E664F563-928A-40B7-8303-C385FBA18BC8}.Debug|Any CPU.ActiveCfg = Debug|Any CPU
		{E664F563-928A-40B7-8303-C385FBA18BC8}.Debug|Any CPU.Build.0 = Debug|Any CPU
		{E664F563-928A-40B7-8303-C385FBA18BC8}.Release|Any CPU.ActiveCfg = Release|Any CPU
		{E664F563-928A-40B7-8303-C385FBA18BC8}.Release|Any CPU.Build.0 = Release|Any CPU
		{1B503D81-16F5-4D14-80A9-8BF1AAEB8ED3}.Debug|Any CPU.ActiveCfg = Debug|Any CPU
		{1B503D81-16F5-4D14-80A9-8BF1AAEB8ED3}.Debug|Any CPU.Build.0 = Debug|Any CPU
		{1B503D81-16F5-4D14-80A9-8BF1AAEB8ED3}.Release|Any CPU.ActiveCfg = Release|Any CPU
		{1B503D81-16F5-4D14-80A9-8BF1AAEB8ED3}.Release|Any CPU.Build.0 = Release|Any CPU
		{5285E06F-E783-484F-B414-FF04F46446CC}.Debug|Any CPU.ActiveCfg = Debug|Any CPU
		{5285E06F-E783-484F-B414-FF04F46446CC}.Debug|Any CPU.Build.0 = Debug|Any CPU
		{5285E06F-E783-484F-B414-FF04F46446CC}.Release|Any CPU.ActiveCfg = Release|Any CPU
		{5285E06F-E783-484F-B414-FF04F46446CC}.Release|Any CPU.Build.0 = Release|Any CPU
		{B5DB1E25-DB50-44C8-AF3D-65759AD78402}.Debug|Any CPU.ActiveCfg = Debug|Any CPU
		{B5DB1E25-DB50-44C8-AF3D-65759AD78402}.Debug|Any CPU.Build.0 = Debug|Any CPU
		{B5DB1E25-DB50-44C8-AF3D-65759AD78402}.Release|Any CPU.ActiveCfg = Release|Any CPU
		{B5DB1E25-DB50-44C8-AF3D-65759AD78402}.Release|Any CPU.Build.0 = Release|Any CPU
		{848DA13D-C405-4129-9A19-FF8BD6A013B3}.Debug|Any CPU.ActiveCfg = Debug|Any CPU
		{848DA13D-C405-4129-9A19-FF8BD6A013B3}.Debug|Any CPU.Build.0 = Debug|Any CPU
		{848DA13D-C405-4129-9A19-FF8BD6A013B3}.Release|Any CPU.ActiveCfg = Release|Any CPU
		{848DA13D-C405-4129-9A19-FF8BD6A013B3}.Release|Any CPU.Build.0 = Release|Any CPU
		{6ED4B5E5-3C55-470F-8CED-6F3493838B22}.Debug|Any CPU.ActiveCfg = Debug|Any CPU
		{6ED4B5E5-3C55-470F-8CED-6F3493838B22}.Debug|Any CPU.Build.0 = Debug|Any CPU
		{6ED4B5E5-3C55-470F-8CED-6F3493838B22}.Release|Any CPU.ActiveCfg = Release|Any CPU
		{6ED4B5E5-3C55-470F-8CED-6F3493838B22}.Release|Any CPU.Build.0 = Release|Any CPU
		{7B9B4DBA-CAA1-4A03-8730-1D35C09FC225}.Debug|Any CPU.ActiveCfg = Debug|Any CPU
		{7B9B4DBA-CAA1-4A03-8730-1D35C09FC225}.Debug|Any CPU.Build.0 = Debug|Any CPU
		{7B9B4DBA-CAA1-4A03-8730-1D35C09FC225}.Release|Any CPU.ActiveCfg = Release|Any CPU
		{7B9B4DBA-CAA1-4A03-8730-1D35C09FC225}.Release|Any CPU.Build.0 = Release|Any CPU
		{BF13CFE1-D6D4-4107-B5DF-570A0B29D6DB}.Debug|Any CPU.ActiveCfg = Debug|Any CPU
		{BF13CFE1-D6D4-4107-B5DF-570A0B29D6DB}.Debug|Any CPU.Build.0 = Debug|Any CPU
		{BF13CFE1-D6D4-4107-B5DF-570A0B29D6DB}.Release|Any CPU.ActiveCfg = Release|Any CPU
		{BF13CFE1-D6D4-4107-B5DF-570A0B29D6DB}.Release|Any CPU.Build.0 = Release|Any CPU
		{C4841AA5-2E99-4489-A8F1-C33EBA7B0F73}.Debug|Any CPU.ActiveCfg = Debug|Any CPU
		{C4841AA5-2E99-4489-A8F1-C33EBA7B0F73}.Debug|Any CPU.Build.0 = Debug|Any CPU
		{C4841AA5-2E99-4489-A8F1-C33EBA7B0F73}.Release|Any CPU.ActiveCfg = Release|Any CPU
		{C4841AA5-2E99-4489-A8F1-C33EBA7B0F73}.Release|Any CPU.Build.0 = Release|Any CPU
		{C39450F7-9A5E-4FF4-8E67-A9E718B5565E}.Debug|Any CPU.ActiveCfg = Debug|Any CPU
		{C39450F7-9A5E-4FF4-8E67-A9E718B5565E}.Debug|Any CPU.Build.0 = Debug|Any CPU
		{C39450F7-9A5E-4FF4-8E67-A9E718B5565E}.Release|Any CPU.ActiveCfg = Release|Any CPU
		{C39450F7-9A5E-4FF4-8E67-A9E718B5565E}.Release|Any CPU.Build.0 = Release|Any CPU
		{9FAEC03C-BBB2-4331-972D-DC8B02261CF5}.Debug|Any CPU.ActiveCfg = Debug|Any CPU
		{9FAEC03C-BBB2-4331-972D-DC8B02261CF5}.Debug|Any CPU.Build.0 = Debug|Any CPU
		{9FAEC03C-BBB2-4331-972D-DC8B02261CF5}.Release|Any CPU.ActiveCfg = Release|Any CPU
		{9FAEC03C-BBB2-4331-972D-DC8B02261CF5}.Release|Any CPU.Build.0 = Release|Any CPU
		{13567A16-9774-4777-B5B5-2CE0096CA641}.Debug|Any CPU.ActiveCfg = Debug|Any CPU
		{13567A16-9774-4777-B5B5-2CE0096CA641}.Debug|Any CPU.Build.0 = Debug|Any CPU
		{13567A16-9774-4777-B5B5-2CE0096CA641}.Release|Any CPU.ActiveCfg = Release|Any CPU
		{13567A16-9774-4777-B5B5-2CE0096CA641}.Release|Any CPU.Build.0 = Release|Any CPU
		{60D19DC1-E15A-408C-8F4B-57B26089FEE6}.Debug|Any CPU.ActiveCfg = Debug|Any CPU
		{60D19DC1-E15A-408C-8F4B-57B26089FEE6}.Debug|Any CPU.Build.0 = Debug|Any CPU
		{60D19DC1-E15A-408C-8F4B-57B26089FEE6}.Release|Any CPU.ActiveCfg = Release|Any CPU
		{60D19DC1-E15A-408C-8F4B-57B26089FEE6}.Release|Any CPU.Build.0 = Release|Any CPU
	EndGlobalSection
	GlobalSection(SolutionProperties) = preSolution
		HideSolutionNode = FALSE
	EndGlobalSection
EndGlobal
